
Microsoft Visual Studio Solution File, Format Version 12.00
# Visual Studio Version 17
VisualStudioVersion = 17.6.33815.320
MinimumVisualStudioVersion = 10.0.40219.1
Project("{FAE04EC0-301F-11D3-BF4B-00C04F79EFBC}") = "ChallangeApp", "ChallangeApp\ChallangeApp.csproj", "{79DB82D5-25CB-44DD-BE68-BA7854348594}"
EndProject
Global
	GlobalSection(SolutionConfigurationPlatforms) = preSolution
		Debug|Any CPU = Debug|Any CPU
		Release|Any CPU = Release|Any CPU
	EndGlobalSection
	GlobalSection(ProjectConfigurationPlatforms) = postSolution
		{79DB82D5-25CB-44DD-BE68-BA7854348594}.Debug|Any CPU.ActiveCfg = Debug|Any CPU
		{79DB82D5-25CB-44DD-BE68-BA7854348594}.Debug|Any CPU.Build.0 = Debug|Any CPU
		{79DB82D5-25CB-44DD-BE68-BA7854348594}.Release|Any CPU.ActiveCfg = Release|Any CPU
		{79DB82D5-25CB-44DD-BE68-BA7854348594}.Release|Any CPU.Build.0 = Release|Any CPU
	EndGlobalSection
	GlobalSection(SolutionProperties) = preSolution
		HideSolutionNode = FALSE
	EndGlobalSection
	GlobalSection(ExtensibilityGlobals) = postSolution
		SolutionGuid = {5805ED49-FA23-46DD-8ED3-02E38CD8B818}
	EndGlobalSection
EndGlobal
